
Microsoft Visual Studio Solution File, Format Version 12.00
# Visual Studio Version 16
VisualStudioVersion = 16.0.29326.143
MinimumVisualStudioVersion = 10.0.40219.1
Project("{FAE04EC0-301F-11D3-BF4B-00C04F79EFBC}") = "Proyecto2PJesusGastelum", "Proyecto2PJesusGastelum\Proyecto2PJesusGastelum.csproj", "{6B6698A1-CAB9-4F8B-8CBD-FA9DA32FA3F3}"
EndProject
Global
	GlobalSection(SolutionConfigurationPlatforms) = preSolution
		Debug|Any CPU = Debug|Any CPU
		Release|Any CPU = Release|Any CPU
	EndGlobalSection
	GlobalSection(ProjectConfigurationPlatforms) = postSolution
		{6B6698A1-CAB9-4F8B-8CBD-FA9DA32FA3F3}.Debug|Any CPU.ActiveCfg = Debug|Any CPU
		{6B6698A1-CAB9-4F8B-8CBD-FA9DA32FA3F3}.Debug|Any CPU.Build.0 = Debug|Any CPU
		{6B6698A1-CAB9-4F8B-8CBD-FA9DA32FA3F3}.Release|Any CPU.ActiveCfg = Release|Any CPU
		{6B6698A1-CAB9-4F8B-8CBD-FA9DA32FA3F3}.Release|Any CPU.Build.0 = Release|Any CPU
	EndGlobalSection
	GlobalSection(SolutionProperties) = preSolution
		HideSolutionNode = FALSE
	EndGlobalSection
	GlobalSection(ExtensibilityGlobals) = postSolution
		SolutionGuid = {F9BE63FC-BC12-4B92-82E1-66AA95652305}
	EndGlobalSection
EndGlobal
